<?xml version="1.0" encoding="utf-8"?>
<Project ToolsVersion="4.0" xmlns="http://schemas.microsoft.com/developer/msbuild/2003">
  <ItemGroup>
    <Filter Include="源文件">
      <UniqueIdentifier>{4FC737F1-C7A5-4376-A066-2A32D752A2FF}</UniqueIdentifier>
      <Extensions>cpp;c;cc;cxx;def;odl;idl;hpj;bat;asm;asmx</Extensions>
    </Filter>
    <Filter Include="头文件">
      <UniqueIdentifier>{93995380-89BD-4b04-88EB-625FBE52EBFB}</UniqueIdentifier>
      <Extensions>h;hh;hpp;hxx;hm;inl;inc;ipp;xsd</Extensions>
    </Filter>
    <Filter Include="资源文件">
      <UniqueIdentifier>{67DA6AB6-F800-4c08-8B7A-83BB121AAD01}</UniqueIdentifier>
      <Extensions>rc;ico;cur;bmp;dlg;rc2;rct;bin;rgs;gif;jpg;jpeg;jpe;resx;tiff;tif;png;wav;mfcribbon-ms</Extensions>
    </Filter>
    <Filter Include="源文件\methods">
      <UniqueIdentifier>{8e37837f-f51a-47cd-b842-7fd24d8593db}</UniqueIdentifier>
    </Filter>
    <Filter Include="源文件\methods\fisheyeLib">
      <UniqueIdentifier>{df8e8568-376f-471a-91ae-c0539b2d53af}</UniqueIdentifier>
    </Filter>
    <Filter Include="源文件\methods\fisheyeLib\cameraModels">
      <UniqueIdentifier>{3fa7b3b9-3a92-47d3-a741-441121bec89b}</UniqueIdentifier>
    </Filter>
    <Filter Include="源文件\methods\fisheyeOpenCV">
      <UniqueIdentifier>{a4ead7c7-8bd8-4e9e-9505-6d827f39f559}</UniqueIdentifier>
    </Filter>
  </ItemGroup>
  <ItemGroup>
    <ClCompile Include="main.cpp">
      <Filter>源文件</Filter>
    </ClCompile>
    <ClCompile Include="methods\fisheyeCalib3d.cpp">
      <Filter>源文件\methods</Filter>
    </ClCompile>
    <ClCompile Include="methods\parametersStereo.cpp">
      <Filter>源文件\methods</Filter>
    </ClCompile>
    <ClCompile Include="methods\corrector.cpp">
      <Filter>源文件\methods</Filter>
    </ClCompile>
    <ClCompile Include="methods\findCircleParameter.cpp">
      <Filter>源文件\methods</Filter>
    </ClCompile>
    <ClCompile Include="methods\fisheyeExpand.cpp">
      <Filter>源文件\methods</Filter>
    </ClCompile>
    <ClCompile Include="methods\fisheyeLib\calib_libs\EquidistanceProjection.cpp">
      <Filter>源文件\methods\fisheyeLib\cameraModels</Filter>
    </ClCompile>
    <ClCompile Include="methods\fisheyeLib\calib_libs\EquisolidAngleProjection.cpp">
      <Filter>源文件\methods\fisheyeLib\cameraModels</Filter>
    </ClCompile>
    <ClCompile Include="methods\fisheyeLib\calib_libs\IncidentVector.cpp">
      <Filter>源文件\methods\fisheyeLib\cameraModels</Filter>
    </ClCompile>
    <ClCompile Include="methods\fisheyeLib\calib_libs\OrthographicProjection.cpp">
      <Filter>源文件\methods\fisheyeLib\cameraModels</Filter>
    </ClCompile>
    <ClCompile Include="methods\fisheyeLib\calib_libs\StereographicProjection.cpp">
      <Filter>源文件\methods\fisheyeLib\cameraModels</Filter>
    </ClCompile>
    <ClCompile Include="methods\fisheyeLib\calib_libs\tinyxml2.cpp">
      <Filter>源文件\methods\fisheyeLib\cameraModels</Filter>
    </ClCompile>
    <ClCompile Include="methods\fisheyeLib\Calibration.cpp">
      <Filter>源文件\methods\fisheyeLib</Filter>
    </ClCompile>
    <ClCompile Include="methods\fisheyeLib\LineDetection.cpp">
      <Filter>源文件\methods\fisheyeLib</Filter>
    </ClCompile>
    <ClCompile Include="methods\fisheyeLib\method_.cpp">
      <Filter>源文件\methods\fisheyeLib</Filter>
    </ClCompile>
    <ClCompile Include="methods\fisheyeLib\Pair.cpp">
      <Filter>源文件\methods\fisheyeLib</Filter>
    </ClCompile>
    <ClCompile Include="methods\fisheyeLib\Pattern.cpp">
      <Filter>源文件\methods\fisheyeLib</Filter>
    </ClCompile>
    <ClCompile Include="methods\fisheyeLib\Reprojection.cpp">
      <Filter>源文件\methods\fisheyeLib</Filter>
    </ClCompile>
    <ClCompile Include="methods\fisheye_opencv\fisheyeCalib_try.cpp">
      <Filter>源文件\methods\fisheyeOpenCV</Filter>
    </ClCompile>
    <ClCompile Include="methods\fisheye_opencv\fisheyeCalib_theta_d.cpp">
      <Filter>源文件\methods\fisheyeOpenCV</Filter>
    </ClCompile>
    <ClCompile Include="methods\fisheye_opencv\fisheyeCalib_radius_d.cpp">
      <Filter>源文件\methods\fisheyeOpenCV</Filter>
    </ClCompile>
    <ClCompile Include="methods\fisheye_opencv\fisheyeCalib_radius_rd.cpp">
      <Filter>源文件\methods\fisheyeOpenCV</Filter>
    </ClCompile>
  </ItemGroup>
  <ItemGroup>
    <ClInclude Include="methods\fisheyeCalib3d.h">
      <Filter>源文件\methods</Filter>
    </ClInclude>
    <ClInclude Include="methods\parametersStereo.h">
      <Filter>源文件\methods</Filter>
    </ClInclude>
    <ClInclude Include="methods\corrector.h">
      <Filter>源文件\methods</Filter>
    </ClInclude>
    <ClInclude Include="methods\findCircleParameter.h">
      <Filter>源文件\methods</Filter>
    </ClInclude>
    <ClInclude Include="methods\fisheyeExpand.h">
      <Filter>源文件\methods</Filter>
    </ClInclude>
    <ClInclude Include="methods\fisheyeLib\calib_libs\EquidistanceProjection.h">
      <Filter>源文件\methods\fisheyeLib\cameraModels</Filter>
    </ClInclude>
    <ClInclude Include="methods\fisheyeLib\calib_libs\EquisolidAngleProjection.h">
      <Filter>源文件\methods\fisheyeLib\cameraModels</Filter>
    </ClInclude>
    <ClInclude Include="methods\fisheyeLib\calib_libs\IncidentVector.h">
      <Filter>源文件\methods\fisheyeLib\cameraModels</Filter>
    </ClInclude>
    <ClInclude Include="methods\fisheyeLib\calib_libs\OrthographicProjection.h">
      <Filter>源文件\methods\fisheyeLib\cameraModels</Filter>
    </ClInclude>
    <ClInclude Include="methods\fisheyeLib\calib_libs\StereographicProjection.h">
      <Filter>源文件\methods\fisheyeLib\cameraModels</Filter>
    </ClInclude>
    <ClInclude Include="methods\fisheyeLib\calib_libs\tinyxml2.h">
      <Filter>源文件\methods\fisheyeLib\cameraModels</Filter>
    </ClInclude>
    <ClInclude Include="methods\fisheyeLib\Calibration.h">
      <Filter>源文件\methods\fisheyeLib</Filter>
    </ClInclude>
    <ClInclude Include="methods\fisheyeLib\LineDetection.h">
      <Filter>源文件\methods\fisheyeLib</Filter>
    </ClInclude>
    <ClInclude Include="methods\fisheyeLib\method_.h">
      <Filter>源文件\methods\fisheyeLib</Filter>
    </ClInclude>
    <ClInclude Include="methods\fisheyeLib\Pair.h">
      <Filter>源文件\methods\fisheyeLib</Filter>
    </ClInclude>
    <ClInclude Include="methods\fisheyeLib\parameterCalib_.h">
      <Filter>源文件\methods\fisheyeLib</Filter>
    </ClInclude>
    <ClInclude Include="methods\fisheyeLib\Pattern.h">
      <Filter>源文件\methods\fisheyeLib</Filter>
    </ClInclude>
    <ClInclude Include="methods\fisheyeLib\Reprojection.h">
      <Filter>源文件\methods\fisheyeLib</Filter>
    </ClInclude>
    <ClInclude Include="methods\fisheye_opencv\fisheyeCalib_try.h">
      <Filter>源文件\methods\fisheyeOpenCV</Filter>
    </ClInclude>
    <ClInclude Include="methods\fisheye_opencv\fisheyeCalib_theta_d.h">
      <Filter>源文件\methods\fisheyeOpenCV</Filter>
    </ClInclude>
    <ClInclude Include="methods\fisheye_opencv\fisheyeCalib_radius_d.h">
      <Filter>源文件\methods\fisheyeOpenCV</Filter>
    </ClInclude>
    <ClInclude Include="methods\fisheye_opencv\fisheyeCalib_radius_rd.h">
      <Filter>源文件\methods\fisheyeOpenCV</Filter>
    </ClInclude>
  </ItemGroup>
</Project>